
Microsoft Visual Studio Solution File, Format Version 12.00
# Visual Studio Version 16
VisualStudioVersion = 16.0.29503.13
MinimumVisualStudioVersion = 10.0.40219.1
Project("{FAE04EC0-301F-11D3-BF4B-00C04F79EFBC}") = "Big_packClassLibrary", "Big_packClassLibrary\Big_packClassLibrary.csproj", "{66EEB44B-E3F9-4E79-BCEA-D83A9E1B8025}"
EndProject
Project("{FAE04EC0-301F-11D3-BF4B-00C04F79EFBC}") = "Big_packClassLibrary.Tests1", "Big_packClassLibrary.Tests1\Big_packClassLibrary.Tests1.csproj", "{18C0E9E8-307A-4409-82D2-ED4BD29C0732}"
EndProject
Global
	GlobalSection(SolutionConfigurationPlatforms) = preSolution
		Debug|Any CPU = Debug|Any CPU
		Debug|ARM = Debug|ARM
		Debug|ARM64 = Debug|ARM64
		Debug|x64 = Debug|x64
		Debug|x86 = Debug|x86
		Release|Any CPU = Release|Any CPU
		Release|ARM = Release|ARM
		Release|ARM64 = Release|ARM64
		Release|x64 = Release|x64
		Release|x86 = Release|x86
	EndGlobalSection
	GlobalSection(ProjectConfigurationPlatforms) = postSolution
		{66EEB44B-E3F9-4E79-BCEA-D83A9E1B8025}.Debug|Any CPU.ActiveCfg = Debug|Any CPU
		{66EEB44B-E3F9-4E79-BCEA-D83A9E1B8025}.Debug|Any CPU.Build.0 = Debug|Any CPU
		{66EEB44B-E3F9-4E79-BCEA-D83A9E1B8025}.Debug|ARM.ActiveCfg = Debug|Any CPU
		{66EEB44B-E3F9-4E79-BCEA-D83A9E1B8025}.Debug|ARM.Build.0 = Debug|Any CPU
		{66EEB44B-E3F9-4E79-BCEA-D83A9E1B8025}.Debug|ARM64.ActiveCfg = Debug|Any CPU
		{66EEB44B-E3F9-4E79-BCEA-D83A9E1B8025}.Debug|ARM64.Build.0 = Debug|Any CPU
		{66EEB44B-E3F9-4E79-BCEA-D83A9E1B8025}.Debug|x64.ActiveCfg = Debug|Any CPU
		{66EEB44B-E3F9-4E79-BCEA-D83A9E1B8025}.Debug|x64.Build.0 = Debug|Any CPU
		{66EEB44B-E3F9-4E79-BCEA-D83A9E1B8025}.Debug|x86.ActiveCfg = Debug|Any CPU
		{66EEB44B-E3F9-4E79-BCEA-D83A9E1B8025}.Debug|x86.Build.0 = Debug|Any CPU
		{66EEB44B-E3F9-4E79-BCEA-D83A9E1B8025}.Release|Any CPU.ActiveCfg = Release|Any CPU
		{66EEB44B-E3F9-4E79-BCEA-D83A9E1B8025}.Release|Any CPU.Build.0 = Release|Any CPU
		{66EEB44B-E3F9-4E79-BCEA-D83A9E1B8025}.Release|ARM.ActiveCfg = Release|Any CPU
		{66EEB44B-E3F9-4E79-BCEA-D83A9E1B8025}.Release|ARM.Build.0 = Release|Any CPU
		{66EEB44B-E3F9-4E79-BCEA-D83A9E1B8025}.Release|ARM64.ActiveCfg = Release|Any CPU
		{66EEB44B-E3F9-4E79-BCEA-D83A9E1B8025}.Release|ARM64.Build.0 = Release|Any CPU
		{66EEB44B-E3F9-4E79-BCEA-D83A9E1B8025}.Release|x64.ActiveCfg = Release|Any CPU
		{66EEB44B-E3F9-4E79-BCEA-D83A9E1B8025}.Release|x64.Build.0 = Release|Any CPU
		{66EEB44B-E3F9-4E79-BCEA-D83A9E1B8025}.Release|x86.ActiveCfg = Release|Any CPU
		{66EEB44B-E3F9-4E79-BCEA-D83A9E1B8025}.Release|x86.Build.0 = Release|Any CPU
		{18C0E9E8-307A-4409-82D2-ED4BD29C0732}.Debug|Any CPU.ActiveCfg = Debug|Any CPU
		{18C0E9E8-307A-4409-82D2-ED4BD29C0732}.Debug|Any CPU.Build.0 = Debug|Any CPU
		{18C0E9E8-307A-4409-82D2-ED4BD29C0732}.Debug|ARM.ActiveCfg = Debug|Any CPU
		{18C0E9E8-307A-4409-82D2-ED4BD29C0732}.Debug|ARM.Build.0 = Debug|Any CPU
		{18C0E9E8-307A-4409-82D2-ED4BD29C0732}.Debug|ARM64.ActiveCfg = Debug|Any CPU
		{18C0E9E8-307A-4409-82D2-ED4BD29C0732}.Debug|ARM64.Build.0 = Debug|Any CPU
		{18C0E9E8-307A-4409-82D2-ED4BD29C0732}.Debug|x64.ActiveCfg = Debug|Any CPU
		{18C0E9E8-307A-4409-82D2-ED4BD29C0732}.Debug|x64.Build.0 = Debug|Any CPU
		{18C0E9E8-307A-4409-82D2-ED4BD29C0732}.Debug|x86.ActiveCfg = Debug|Any CPU
		{18C0E9E8-307A-4409-82D2-ED4BD29C0732}.Debug|x86.Build.0 = Debug|Any CPU
		{18C0E9E8-307A-4409-82D2-ED4BD29C0732}.Release|Any CPU.ActiveCfg = Release|Any CPU
		{18C0E9E8-307A-4409-82D2-ED4BD29C0732}.Release|Any CPU.Build.0 = Release|Any CPU
		{18C0E9E8-307A-4409-82D2-ED4BD29C0732}.Release|ARM.ActiveCfg = Release|Any CPU
		{18C0E9E8-307A-4409-82D2-ED4BD29C0732}.Release|ARM.Build.0 = Release|Any CPU
		{18C0E9E8-307A-4409-82D2-ED4BD29C0732}.Release|ARM64.ActiveCfg = Release|Any CPU
		{18C0E9E8-307A-4409-82D2-ED4BD29C0732}.Release|ARM64.Build.0 = Release|Any CPU
		{18C0E9E8-307A-4409-82D2-ED4BD29C0732}.Release|x64.ActiveCfg = Release|Any CPU
		{18C0E9E8-307A-4409-82D2-ED4BD29C0732}.Release|x64.Build.0 = Release|Any CPU
		{18C0E9E8-307A-4409-82D2-ED4BD29C0732}.Release|x86.ActiveCfg = Release|Any CPU
		{18C0E9E8-307A-4409-82D2-ED4BD29C0732}.Release|x86.Build.0 = Release|Any CPU
	EndGlobalSection
	GlobalSection(SolutionProperties) = preSolution
		HideSolutionNode = FALSE
	EndGlobalSection
	GlobalSection(ExtensibilityGlobals) = postSolution
		SolutionGuid = {46E4F984-4975-4FF7-AF5B-6312FA57A601}
	EndGlobalSection
EndGlobal
